
Microsoft Visual Studio Solution File, Format Version 12.00
# Visual Studio Version 17
VisualStudioVersion = 17.5.33424.131
MinimumVisualStudioVersion = 10.0.40219.1
Project("{9A19103F-16F7-4668-BE54-9A1E7A4F7556}") = "Orleankka", "Source\Orleankka\Orleankka.csproj", "{944568EA-BC0B-49BC-AF0F-B4A4A62858AC}"
EndProject
Project("{9A19103F-16F7-4668-BE54-9A1E7A4F7556}") = "Orleankka.Tests", "Tests\Orleankka.Tests\Orleankka.Tests.csproj", "{5BC7C6F2-B8CD-4EE8-B751-533BDC20AF9A}"
EndProject
Project("{9A19103F-16F7-4668-BE54-9A1E7A4F7556}") = "Orleankka.TestKit", "Source\Orleankka.TestKit\Orleankka.TestKit.csproj", "{0EEC0553-0B9A-4E51-94BF-694DC7164B92}"
EndProject
Project("{9A19103F-16F7-4668-BE54-9A1E7A4F7556}") = "Orleankka.TestKit.Tests", "Tests\Orleankka.TestKit.Tests\Orleankka.TestKit.Tests.csproj", "{429B185F-3261-45BC-B992-B0D6B8A87E8D}"
EndProject
Project("{9A19103F-16F7-4668-BE54-9A1E7A4F7556}") = "Orleankka.Runtime", "Source\Orleankka.Runtime\Orleankka.Runtime.csproj", "{224568EA-BC0B-49BC-AF0F-B4A4A62858AC}"
EndProject
Project("{9A19103F-16F7-4668-BE54-9A1E7A4F7556}") = "Orleans.Internals", "Source\Orleans.Internals\Orleans.Internals.csproj", "{BDE132A0-0174-4ECE-BC7E-25E39816ACD7}"
EndProject
Project("{9A19103F-16F7-4668-BE54-9A1E7A4F7556}") = "Orleankka.Legacy.Runtime", "Source\Orleankka.Legacy.Runtime\Orleankka.Legacy.Runtime.csproj", "{4B6DC915-C701-402C-B3C6-E7EB0E54F670}"
EndProject
Project("{2150E333-8FDC-42A3-9474-1A3956D46DE8}") = "Legacy", "Legacy", "{A996FEF3-9B45-4C3C-9FF0-614A51F5175D}"
EndProject
Project("{9A19103F-16F7-4668-BE54-9A1E7A4F7556}") = "Orleankka.Client", "Source\Orleankka.Client\Orleankka.Client.csproj", "{E26F63B1-3747-4A63-80BB-B50951FBD52C}"
EndProject
Project("{9A19103F-16F7-4668-BE54-9A1E7A4F7556}") = "Orleankka.Http.AspNetCore", "Source\Orleankka.Http.AspNetCore\Orleankka.Http.AspNetCore.csproj", "{5DF64FF3-DDF3-4D66-AD9B-C37626B7F1AA}"
EndProject
Global
	GlobalSection(SolutionConfigurationPlatforms) = preSolution
		Debug|Any CPU = Debug|Any CPU
		Release|Any CPU = Release|Any CPU
	EndGlobalSection
	GlobalSection(ProjectConfigurationPlatforms) = postSolution
		{944568EA-BC0B-49BC-AF0F-B4A4A62858AC}.Debug|Any CPU.ActiveCfg = Debug|Any CPU
		{944568EA-BC0B-49BC-AF0F-B4A4A62858AC}.Debug|Any CPU.Build.0 = Debug|Any CPU
		{944568EA-BC0B-49BC-AF0F-B4A4A62858AC}.Release|Any CPU.ActiveCfg = Release|Any CPU
		{944568EA-BC0B-49BC-AF0F-B4A4A62858AC}.Release|Any CPU.Build.0 = Release|Any CPU
		{5BC7C6F2-B8CD-4EE8-B751-533BDC20AF9A}.Debug|Any CPU.ActiveCfg = Debug|Any CPU
		{5BC7C6F2-B8CD-4EE8-B751-533BDC20AF9A}.Debug|Any CPU.Build.0 = Debug|Any CPU
		{5BC7C6F2-B8CD-4EE8-B751-533BDC20AF9A}.Release|Any CPU.ActiveCfg = Release|Any CPU
		{5BC7C6F2-B8CD-4EE8-B751-533BDC20AF9A}.Release|Any CPU.Build.0 = Release|Any CPU
		{0EEC0553-0B9A-4E51-94BF-694DC7164B92}.Debug|Any CPU.ActiveCfg = Debug|Any CPU
		{0EEC0553-0B9A-4E51-94BF-694DC7164B92}.Debug|Any CPU.Build.0 = Debug|Any CPU
		{0EEC0553-0B9A-4E51-94BF-694DC7164B92}.Release|Any CPU.ActiveCfg = Release|Any CPU
		{0EEC0553-0B9A-4E51-94BF-694DC7164B92}.Release|Any CPU.Build.0 = Release|Any CPU
		{429B185F-3261-45BC-B992-B0D6B8A87E8D}.Debug|Any CPU.ActiveCfg = Debug|Any CPU
		{429B185F-3261-45BC-B992-B0D6B8A87E8D}.Debug|Any CPU.Build.0 = Debug|Any CPU
		{429B185F-3261-45BC-B992-B0D6B8A87E8D}.Release|Any CPU.ActiveCfg = Release|Any CPU
		{429B185F-3261-45BC-B992-B0D6B8A87E8D}.Release|Any CPU.Build.0 = Release|Any CPU
		{224568EA-BC0B-49BC-AF0F-B4A4A62858AC}.Debug|Any CPU.ActiveCfg = Debug|Any CPU
		{224568EA-BC0B-49BC-AF0F-B4A4A62858AC}.Debug|Any CPU.Build.0 = Debug|Any CPU
		{224568EA-BC0B-49BC-AF0F-B4A4A62858AC}.Release|Any CPU.ActiveCfg = Release|Any CPU
		{224568EA-BC0B-49BC-AF0F-B4A4A62858AC}.Release|Any CPU.Build.0 = Release|Any CPU
		{BDE132A0-0174-4ECE-BC7E-25E39816ACD7}.Debug|Any CPU.ActiveCfg = Debug|Any CPU
		{BDE132A0-0174-4ECE-BC7E-25E39816ACD7}.Debug|Any CPU.Build.0 = Debug|Any CPU
		{BDE132A0-0174-4ECE-BC7E-25E39816ACD7}.Release|Any CPU.ActiveCfg = Release|Any CPU
		{BDE132A0-0174-4ECE-BC7E-25E39816ACD7}.Release|Any CPU.Build.0 = Release|Any CPU
		{4B6DC915-C701-402C-B3C6-E7EB0E54F670}.Debug|Any CPU.ActiveCfg = Debug|Any CPU
		{4B6DC915-C701-402C-B3C6-E7EB0E54F670}.Debug|Any CPU.Build.0 = Debug|Any CPU
		{4B6DC915-C701-402C-B3C6-E7EB0E54F670}.Release|Any CPU.ActiveCfg = Release|Any CPU
		{4B6DC915-C701-402C-B3C6-E7EB0E54F670}.Release|Any CPU.Build.0 = Release|Any CPU
		{E26F63B1-3747-4A63-80BB-B50951FBD52C}.Debug|Any CPU.ActiveCfg = Debug|Any CPU
		{E26F63B1-3747-4A63-80BB-B50951FBD52C}.Debug|Any CPU.Build.0 = Debug|Any CPU
		{E26F63B1-3747-4A63-80BB-B50951FBD52C}.Release|Any CPU.ActiveCfg = Release|Any CPU
		{E26F63B1-3747-4A63-80BB-B50951FBD52C}.Release|Any CPU.Build.0 = Release|Any CPU
		{5DF64FF3-DDF3-4D66-AD9B-C37626B7F1AA}.Debug|Any CPU.ActiveCfg = Debug|Any CPU
		{5DF64FF3-DDF3-4D66-AD9B-C37626B7F1AA}.Debug|Any CPU.Build.0 = Debug|Any CPU
		{5DF64FF3-DDF3-4D66-AD9B-C37626B7F1AA}.Release|Any CPU.ActiveCfg = Release|Any CPU
		{5DF64FF3-DDF3-4D66-AD9B-C37626B7F1AA}.Release|Any CPU.Build.0 = Release|Any CPU
	EndGlobalSection
	GlobalSection(SolutionProperties) = preSolution
		HideSolutionNode = FALSE
	EndGlobalSection
	GlobalSection(NestedProjects) = preSolution
		{BDE132A0-0174-4ECE-BC7E-25E39816ACD7} = {A996FEF3-9B45-4C3C-9FF0-614A51F5175D}
		{4B6DC915-C701-402C-B3C6-E7EB0E54F670} = {A996FEF3-9B45-4C3C-9FF0-614A51F5175D}
	EndGlobalSection
	GlobalSection(ExtensibilityGlobals) = postSolution
		SolutionGuid = {3EF14123-7EA4-465F-8AC8-E0B952C1CAE1}
	EndGlobalSection
EndGlobal
