
Microsoft Visual Studio Solution File, Format Version 12.00
# Visual Studio 2013
VisualStudioVersion = 12.0.30723.0
MinimumVisualStudioVersion = 10.0.40219.1
Project("{FAE04EC0-301F-11D3-BF4B-00C04F79EFBC}") = "Orleankka", "Source\Orleankka\Orleankka.csproj", "{944568EA-BC0B-49BC-AF0F-B4A4A62858AC}"
EndProject
Project("{FAE04EC0-301F-11D3-BF4B-00C04F79EFBC}") = "Orleankka.Tests", "Source\Orleankka.Tests\Orleankka.Tests.csproj", "{5BC7C6F2-B8CD-4EE8-B751-533BDC20AF9A}"
EndProject
Project("{FAE04EC0-301F-11D3-BF4B-00C04F79EFBC}") = "Orleankka.Core", "Source\Orleankka.Core\Orleankka.Core.csproj", "{2220A904-CAFA-4F1C-BBCB-82B9257C9FC5}"
EndProject
Project("{2150E333-8FDC-42A3-9474-1A3956D46DE8}") = "TestKit", "TestKit", "{C647E083-E3EF-4ABF-ACF5-FA8E0B83513C}"
EndProject
Project("{FAE04EC0-301F-11D3-BF4B-00C04F79EFBC}") = "Orleankka.TestKit", "Source\Orleankka.TestKit\Orleankka.TestKit.csproj", "{0EEC0553-0B9A-4E51-94BF-694DC7164B92}"
EndProject
Project("{FAE04EC0-301F-11D3-BF4B-00C04F79EFBC}") = "Orleankka.TestKit.Tests", "Source\Orleankka.TestKit.Tests\Orleankka.TestKit.Tests.csproj", "{429B185F-3261-45BC-B992-B0D6B8A87E8D}"
EndProject
Project("{2150E333-8FDC-42A3-9474-1A3956D46DE8}") = "Demo", "Demo", "{C26887B5-311F-4271-B5F3-34AB6E3F291C}"
EndProject
Project("{2150E333-8FDC-42A3-9474-1A3956D46DE8}") = "FSharp", "FSharp", "{A2A2E93C-20F7-4021-AEC2-B00BD22AADDE}"
EndProject
Project("{FAE04EC0-301F-11D3-BF4B-00C04F79EFBC}") = "Demo.App", "Source\Demo.App\Demo.App.csproj", "{AA1AE3D2-77A6-46EA-81CD-00D0603AADE2}"
EndProject
Project("{FAE04EC0-301F-11D3-BF4B-00C04F79EFBC}") = "Demo.App.Tests", "Source\Demo.App.Tests\Demo.App.Tests.csproj", "{A84434F9-A885-4EAF-8AF4-4DAB55A5AC57}"
EndProject
Project("{F2A71F9B-5D33-465A-A702-920D77279786}") = "Orleankka.FSharp", "Source\FSharp.Api\Orleankka.FSharp.fsproj", "{E41FDB70-5193-4C2D-9DDD-B0D243E21E2B}"
EndProject
Project("{FAE04EC0-301F-11D3-BF4B-00C04F79EFBC}") = "Orleankka.Azure", "Source\Orleankka.Azure\Orleankka.Azure.csproj", "{933568EA-BC0B-49BC-AF0F-B4A4A62858AC}"
EndProject
Project("{2150E333-8FDC-42A3-9474-1A3956D46DE8}") = "Examples", "Examples", "{C9B497F6-87DA-40EF-933C-A572A7603991}"
EndProject
Project("{FAE04EC0-301F-11D3-BF4B-00C04F79EFBC}") = "Reentrant", "Source\Example.Reentrant\Reentrant.csproj", "{E43D9F8D-8EC8-44D3-A334-29B3677B019E}"
EndProject
Project("{2150E333-8FDC-42A3-9474-1A3956D46DE8}") = "DependencyInjection", "DependencyInjection", "{85E741A4-D6F4-44C2-955B-F2FE10C0ECA5}"
EndProject
Project("{2150E333-8FDC-42A3-9474-1A3956D46DE8}") = "Azure", "Azure", "{55BBBA7B-B781-4068-B865-EB4CF8DA644A}"
	ProjectSection(SolutionItems) = preProject
		Source\Example.Azure.Cluster\README.md = Source\Example.Azure.Cluster\README.md
	EndProjectSection
EndProject
Project("{2150E333-8FDC-42A3-9474-1A3956D46DE8}") = "Serialization", "Serialization", "{32B69163-7FAC-423D-8A95-588ABAF27E58}"
EndProject
Project("{2150E333-8FDC-42A3-9474-1A3956D46DE8}") = "Bond", "Bond", "{7E90255D-B97F-4560-AC27-CAA9B6AD1E47}"
EndProject
Project("{2150E333-8FDC-42A3-9474-1A3956D46DE8}") = "HttpProtocol", "HttpProtocol", "{82D69A78-AEE4-4147-BBAE-55B40C39424E}"
EndProject
Project("{CC5FD16D-436D-48AD-A40C-5A424C6E3E79}") = "Deployment", "Source\Example.Azure.Deployment\Deployment.ccproj", "{4F29037C-903E-4425-A392-49F4383C6193}"
EndProject
Project("{FAE04EC0-301F-11D3-BF4B-00C04F79EFBC}") = "Client", "Source\Example.Azure.Client\Client.csproj", "{3D7D093A-AFE7-438C-B9AA-9C3097E86050}"
EndProject
Project("{FAE04EC0-301F-11D3-BF4B-00C04F79EFBC}") = "Cluster", "Source\Example.Azure.Cluster\Cluster.csproj", "{6B0F70DD-A5CD-4EE9-8105-1418E0B29B6A}"
EndProject
Project("{2150E333-8FDC-42A3-9474-1A3956D46DE8}") = "Chat", "Chat", "{F3B7652C-622C-434F-A84E-FE4207029475}"
EndProject
Project("{2150E333-8FDC-42A3-9474-1A3956D46DE8}") = "Demo", "Demo", "{4513B5BF-FDEA-45FB-8C88-E9C9F9FEAC94}"
EndProject
Project("{F2A71F9B-5D33-465A-A702-920D77279786}") = "HelloWorld", "Source\FSharp.Demo.HelloWorld\HelloWorld.fsproj", "{195F95C3-ACCD-474A-8C71-2F6B89DE1B52}"
EndProject
Project("{F2A71F9B-5D33-465A-A702-920D77279786}") = "Shop", "Source\FSharp.Demo.Shop\Shop.fsproj", "{0F80861A-CFDF-4DF0-A0B7-086A1F12448D}"
EndProject
Project("{F2A71F9B-5D33-465A-A702-920D77279786}") = "Server", "Source\FSharp.Demo.Chat.Server\Server.fsproj", "{F34F64E7-DC9A-4560-873A-74EB16D0D7F0}"
EndProject
Project("{F2A71F9B-5D33-465A-A702-920D77279786}") = "Client", "Source\FSharp.Demo.Chat.Client\Client.fsproj", "{2AA36C25-CB86-4D10-A2D1-0514715E0CB5}"
EndProject
Project("{FAE04EC0-301F-11D3-BF4B-00C04F79EFBC}") = "Native", "Source\Example.Serialization.Native\Native.csproj", "{25B4B260-092A-4FEE-ABF4-A6D27CB4A159}"
EndProject
Project("{FAE04EC0-301F-11D3-BF4B-00C04F79EFBC}") = "JSON", "Source\Example.Serialization.JSON\JSON.csproj", "{25B4B260-092A-4FEE-ABF4-A6D27CB4A259}"
EndProject
Project("{2150E333-8FDC-42A3-9474-1A3956D46DE8}") = "EventSourcing", "EventSourcing", "{C5B9656C-A921-41BC-93BC-B98D45F4A704}"
EndProject
Project("{FAE04EC0-301F-11D3-BF4B-00C04F79EFBC}") = "Idiomatic", "Source\Example.EventSourcing.Idiomatic\Idiomatic.csproj", "{E23D9F8D-8EC8-44D3-A334-29B3677B019E}"
EndProject
Project("{FAE04EC0-301F-11D3-BF4B-00C04F79EFBC}") = "Typed", "Source\Example.EventSourcing.Typed\Typed.csproj", "{4CC254D3-4742-45E7-8CF8-5E14DC228771}"
EndProject
Project("{2150E333-8FDC-42A3-9474-1A3956D46DE8}") = "Persistence", "Persistence", "{AD0D4C26-B7CC-4A26-B681-6FA3D95B5FAC}"
EndProject
Project("{FAE04EC0-301F-11D3-BF4B-00C04F79EFBC}") = "GES", "Source\Example.EventSourcing.Persistence.GES\GES.csproj", "{E23D9F8D-8EC8-0000-0000-000000000000}"
EndProject
Global
	GlobalSection(SolutionConfigurationPlatforms) = preSolution
		Debug|Any CPU = Debug|Any CPU
		Package|Any CPU = Package|Any CPU
		Release|Any CPU = Release|Any CPU
	EndGlobalSection
	GlobalSection(ProjectConfigurationPlatforms) = postSolution
		{944568EA-BC0B-49BC-AF0F-B4A4A62858AC}.Debug|Any CPU.ActiveCfg = Debug|Any CPU
		{944568EA-BC0B-49BC-AF0F-B4A4A62858AC}.Debug|Any CPU.Build.0 = Debug|Any CPU
		{944568EA-BC0B-49BC-AF0F-B4A4A62858AC}.Package|Any CPU.ActiveCfg = Package|Any CPU
		{944568EA-BC0B-49BC-AF0F-B4A4A62858AC}.Package|Any CPU.Build.0 = Package|Any CPU
		{944568EA-BC0B-49BC-AF0F-B4A4A62858AC}.Release|Any CPU.ActiveCfg = Release|Any CPU
		{944568EA-BC0B-49BC-AF0F-B4A4A62858AC}.Release|Any CPU.Build.0 = Release|Any CPU
		{5BC7C6F2-B8CD-4EE8-B751-533BDC20AF9A}.Debug|Any CPU.ActiveCfg = Debug|Any CPU
		{5BC7C6F2-B8CD-4EE8-B751-533BDC20AF9A}.Debug|Any CPU.Build.0 = Debug|Any CPU
		{5BC7C6F2-B8CD-4EE8-B751-533BDC20AF9A}.Package|Any CPU.ActiveCfg = Package|Any CPU
		{5BC7C6F2-B8CD-4EE8-B751-533BDC20AF9A}.Package|Any CPU.Build.0 = Package|Any CPU
		{5BC7C6F2-B8CD-4EE8-B751-533BDC20AF9A}.Release|Any CPU.ActiveCfg = Release|Any CPU
		{5BC7C6F2-B8CD-4EE8-B751-533BDC20AF9A}.Release|Any CPU.Build.0 = Release|Any CPU
		{2220A904-CAFA-4F1C-BBCB-82B9257C9FC5}.Debug|Any CPU.ActiveCfg = Debug|Any CPU
		{2220A904-CAFA-4F1C-BBCB-82B9257C9FC5}.Debug|Any CPU.Build.0 = Debug|Any CPU
		{2220A904-CAFA-4F1C-BBCB-82B9257C9FC5}.Package|Any CPU.ActiveCfg = Package|Any CPU
		{2220A904-CAFA-4F1C-BBCB-82B9257C9FC5}.Package|Any CPU.Build.0 = Package|Any CPU
		{2220A904-CAFA-4F1C-BBCB-82B9257C9FC5}.Release|Any CPU.ActiveCfg = Release|Any CPU
		{2220A904-CAFA-4F1C-BBCB-82B9257C9FC5}.Release|Any CPU.Build.0 = Release|Any CPU
		{0EEC0553-0B9A-4E51-94BF-694DC7164B92}.Debug|Any CPU.ActiveCfg = Debug|Any CPU
		{0EEC0553-0B9A-4E51-94BF-694DC7164B92}.Debug|Any CPU.Build.0 = Debug|Any CPU
		{0EEC0553-0B9A-4E51-94BF-694DC7164B92}.Package|Any CPU.ActiveCfg = Package|Any CPU
		{0EEC0553-0B9A-4E51-94BF-694DC7164B92}.Package|Any CPU.Build.0 = Package|Any CPU
		{0EEC0553-0B9A-4E51-94BF-694DC7164B92}.Release|Any CPU.ActiveCfg = Release|Any CPU
		{0EEC0553-0B9A-4E51-94BF-694DC7164B92}.Release|Any CPU.Build.0 = Release|Any CPU
		{429B185F-3261-45BC-B992-B0D6B8A87E8D}.Debug|Any CPU.ActiveCfg = Debug|Any CPU
		{429B185F-3261-45BC-B992-B0D6B8A87E8D}.Debug|Any CPU.Build.0 = Debug|Any CPU
		{429B185F-3261-45BC-B992-B0D6B8A87E8D}.Package|Any CPU.ActiveCfg = Package|Any CPU
		{429B185F-3261-45BC-B992-B0D6B8A87E8D}.Package|Any CPU.Build.0 = Package|Any CPU
		{429B185F-3261-45BC-B992-B0D6B8A87E8D}.Release|Any CPU.ActiveCfg = Release|Any CPU
		{429B185F-3261-45BC-B992-B0D6B8A87E8D}.Release|Any CPU.Build.0 = Release|Any CPU
		{AA1AE3D2-77A6-46EA-81CD-00D0603AADE2}.Debug|Any CPU.ActiveCfg = Debug|Any CPU
		{AA1AE3D2-77A6-46EA-81CD-00D0603AADE2}.Debug|Any CPU.Build.0 = Debug|Any CPU
		{AA1AE3D2-77A6-46EA-81CD-00D0603AADE2}.Package|Any CPU.ActiveCfg = Package|Any CPU
		{AA1AE3D2-77A6-46EA-81CD-00D0603AADE2}.Package|Any CPU.Build.0 = Package|Any CPU
		{AA1AE3D2-77A6-46EA-81CD-00D0603AADE2}.Release|Any CPU.ActiveCfg = Release|Any CPU
		{AA1AE3D2-77A6-46EA-81CD-00D0603AADE2}.Release|Any CPU.Build.0 = Release|Any CPU
		{A84434F9-A885-4EAF-8AF4-4DAB55A5AC57}.Debug|Any CPU.ActiveCfg = Debug|Any CPU
		{A84434F9-A885-4EAF-8AF4-4DAB55A5AC57}.Debug|Any CPU.Build.0 = Debug|Any CPU
		{A84434F9-A885-4EAF-8AF4-4DAB55A5AC57}.Package|Any CPU.ActiveCfg = Package|Any CPU
		{A84434F9-A885-4EAF-8AF4-4DAB55A5AC57}.Package|Any CPU.Build.0 = Package|Any CPU
		{A84434F9-A885-4EAF-8AF4-4DAB55A5AC57}.Release|Any CPU.ActiveCfg = Release|Any CPU
		{A84434F9-A885-4EAF-8AF4-4DAB55A5AC57}.Release|Any CPU.Build.0 = Release|Any CPU
		{E41FDB70-5193-4C2D-9DDD-B0D243E21E2B}.Debug|Any CPU.ActiveCfg = Debug|Any CPU
		{E41FDB70-5193-4C2D-9DDD-B0D243E21E2B}.Debug|Any CPU.Build.0 = Debug|Any CPU
		{E41FDB70-5193-4C2D-9DDD-B0D243E21E2B}.Package|Any CPU.ActiveCfg = Package|Any CPU
		{E41FDB70-5193-4C2D-9DDD-B0D243E21E2B}.Package|Any CPU.Build.0 = Package|Any CPU
		{E41FDB70-5193-4C2D-9DDD-B0D243E21E2B}.Release|Any CPU.ActiveCfg = Release|Any CPU
		{E41FDB70-5193-4C2D-9DDD-B0D243E21E2B}.Release|Any CPU.Build.0 = Release|Any CPU
		{933568EA-BC0B-49BC-AF0F-B4A4A62858AC}.Debug|Any CPU.ActiveCfg = Debug|Any CPU
		{933568EA-BC0B-49BC-AF0F-B4A4A62858AC}.Debug|Any CPU.Build.0 = Debug|Any CPU
		{933568EA-BC0B-49BC-AF0F-B4A4A62858AC}.Package|Any CPU.ActiveCfg = Package|Any CPU
		{933568EA-BC0B-49BC-AF0F-B4A4A62858AC}.Package|Any CPU.Build.0 = Package|Any CPU
		{933568EA-BC0B-49BC-AF0F-B4A4A62858AC}.Release|Any CPU.ActiveCfg = Release|Any CPU
		{933568EA-BC0B-49BC-AF0F-B4A4A62858AC}.Release|Any CPU.Build.0 = Release|Any CPU
		{E43D9F8D-8EC8-44D3-A334-29B3677B019E}.Debug|Any CPU.ActiveCfg = Debug|Any CPU
		{E43D9F8D-8EC8-44D3-A334-29B3677B019E}.Debug|Any CPU.Build.0 = Debug|Any CPU
		{E43D9F8D-8EC8-44D3-A334-29B3677B019E}.Package|Any CPU.ActiveCfg = Package|Any CPU
		{E43D9F8D-8EC8-44D3-A334-29B3677B019E}.Package|Any CPU.Build.0 = Package|Any CPU
		{E43D9F8D-8EC8-44D3-A334-29B3677B019E}.Release|Any CPU.ActiveCfg = Release|Any CPU
		{E43D9F8D-8EC8-44D3-A334-29B3677B019E}.Release|Any CPU.Build.0 = Release|Any CPU
		{4F29037C-903E-4425-A392-49F4383C6193}.Debug|Any CPU.ActiveCfg = Debug|Any CPU
		{4F29037C-903E-4425-A392-49F4383C6193}.Debug|Any CPU.Build.0 = Debug|Any CPU
		{4F29037C-903E-4425-A392-49F4383C6193}.Package|Any CPU.ActiveCfg = Release|Any CPU
		{4F29037C-903E-4425-A392-49F4383C6193}.Package|Any CPU.Build.0 = Release|Any CPU
		{4F29037C-903E-4425-A392-49F4383C6193}.Release|Any CPU.ActiveCfg = Release|Any CPU
		{4F29037C-903E-4425-A392-49F4383C6193}.Release|Any CPU.Build.0 = Release|Any CPU
		{3D7D093A-AFE7-438C-B9AA-9C3097E86050}.Debug|Any CPU.ActiveCfg = Debug|Any CPU
		{3D7D093A-AFE7-438C-B9AA-9C3097E86050}.Debug|Any CPU.Build.0 = Debug|Any CPU
		{3D7D093A-AFE7-438C-B9AA-9C3097E86050}.Package|Any CPU.ActiveCfg = Release|Any CPU
		{3D7D093A-AFE7-438C-B9AA-9C3097E86050}.Package|Any CPU.Build.0 = Release|Any CPU
		{3D7D093A-AFE7-438C-B9AA-9C3097E86050}.Release|Any CPU.ActiveCfg = Release|Any CPU
		{3D7D093A-AFE7-438C-B9AA-9C3097E86050}.Release|Any CPU.Build.0 = Release|Any CPU
		{6B0F70DD-A5CD-4EE9-8105-1418E0B29B6A}.Debug|Any CPU.ActiveCfg = Debug|Any CPU
		{6B0F70DD-A5CD-4EE9-8105-1418E0B29B6A}.Debug|Any CPU.Build.0 = Debug|Any CPU
		{6B0F70DD-A5CD-4EE9-8105-1418E0B29B6A}.Package|Any CPU.ActiveCfg = Release|Any CPU
		{6B0F70DD-A5CD-4EE9-8105-1418E0B29B6A}.Package|Any CPU.Build.0 = Release|Any CPU
		{6B0F70DD-A5CD-4EE9-8105-1418E0B29B6A}.Release|Any CPU.ActiveCfg = Release|Any CPU
		{6B0F70DD-A5CD-4EE9-8105-1418E0B29B6A}.Release|Any CPU.Build.0 = Release|Any CPU
		{195F95C3-ACCD-474A-8C71-2F6B89DE1B52}.Debug|Any CPU.ActiveCfg = Debug|Any CPU
		{195F95C3-ACCD-474A-8C71-2F6B89DE1B52}.Debug|Any CPU.Build.0 = Debug|Any CPU
		{195F95C3-ACCD-474A-8C71-2F6B89DE1B52}.Package|Any CPU.ActiveCfg = Package|Any CPU
		{195F95C3-ACCD-474A-8C71-2F6B89DE1B52}.Package|Any CPU.Build.0 = Package|Any CPU
		{195F95C3-ACCD-474A-8C71-2F6B89DE1B52}.Release|Any CPU.ActiveCfg = Release|Any CPU
		{195F95C3-ACCD-474A-8C71-2F6B89DE1B52}.Release|Any CPU.Build.0 = Release|Any CPU
		{0F80861A-CFDF-4DF0-A0B7-086A1F12448D}.Debug|Any CPU.ActiveCfg = Debug|Any CPU
		{0F80861A-CFDF-4DF0-A0B7-086A1F12448D}.Debug|Any CPU.Build.0 = Debug|Any CPU
		{0F80861A-CFDF-4DF0-A0B7-086A1F12448D}.Package|Any CPU.ActiveCfg = Package|Any CPU
		{0F80861A-CFDF-4DF0-A0B7-086A1F12448D}.Package|Any CPU.Build.0 = Package|Any CPU
		{0F80861A-CFDF-4DF0-A0B7-086A1F12448D}.Release|Any CPU.ActiveCfg = Release|Any CPU
		{0F80861A-CFDF-4DF0-A0B7-086A1F12448D}.Release|Any CPU.Build.0 = Release|Any CPU
		{F34F64E7-DC9A-4560-873A-74EB16D0D7F0}.Debug|Any CPU.ActiveCfg = Debug|Any CPU
		{F34F64E7-DC9A-4560-873A-74EB16D0D7F0}.Debug|Any CPU.Build.0 = Debug|Any CPU
		{F34F64E7-DC9A-4560-873A-74EB16D0D7F0}.Package|Any CPU.ActiveCfg = Release|Any CPU
		{F34F64E7-DC9A-4560-873A-74EB16D0D7F0}.Package|Any CPU.Build.0 = Release|Any CPU
		{F34F64E7-DC9A-4560-873A-74EB16D0D7F0}.Release|Any CPU.ActiveCfg = Release|Any CPU
		{F34F64E7-DC9A-4560-873A-74EB16D0D7F0}.Release|Any CPU.Build.0 = Release|Any CPU
		{2AA36C25-CB86-4D10-A2D1-0514715E0CB5}.Debug|Any CPU.ActiveCfg = Debug|Any CPU
		{2AA36C25-CB86-4D10-A2D1-0514715E0CB5}.Debug|Any CPU.Build.0 = Debug|Any CPU
		{2AA36C25-CB86-4D10-A2D1-0514715E0CB5}.Package|Any CPU.ActiveCfg = Release|Any CPU
		{2AA36C25-CB86-4D10-A2D1-0514715E0CB5}.Package|Any CPU.Build.0 = Release|Any CPU
		{2AA36C25-CB86-4D10-A2D1-0514715E0CB5}.Release|Any CPU.ActiveCfg = Release|Any CPU
		{2AA36C25-CB86-4D10-A2D1-0514715E0CB5}.Release|Any CPU.Build.0 = Release|Any CPU
		{25B4B260-092A-4FEE-ABF4-A6D27CB4A159}.Debug|Any CPU.ActiveCfg = Debug|Any CPU
		{25B4B260-092A-4FEE-ABF4-A6D27CB4A159}.Debug|Any CPU.Build.0 = Debug|Any CPU
		{25B4B260-092A-4FEE-ABF4-A6D27CB4A159}.Package|Any CPU.ActiveCfg = Package|Any CPU
		{25B4B260-092A-4FEE-ABF4-A6D27CB4A159}.Package|Any CPU.Build.0 = Package|Any CPU
		{25B4B260-092A-4FEE-ABF4-A6D27CB4A159}.Release|Any CPU.ActiveCfg = Release|Any CPU
		{25B4B260-092A-4FEE-ABF4-A6D27CB4A159}.Release|Any CPU.Build.0 = Release|Any CPU
		{25B4B260-092A-4FEE-ABF4-A6D27CB4A259}.Debug|Any CPU.ActiveCfg = Debug|Any CPU
		{25B4B260-092A-4FEE-ABF4-A6D27CB4A259}.Debug|Any CPU.Build.0 = Debug|Any CPU
		{25B4B260-092A-4FEE-ABF4-A6D27CB4A259}.Package|Any CPU.ActiveCfg = Package|Any CPU
		{25B4B260-092A-4FEE-ABF4-A6D27CB4A259}.Package|Any CPU.Build.0 = Package|Any CPU
		{25B4B260-092A-4FEE-ABF4-A6D27CB4A259}.Release|Any CPU.ActiveCfg = Release|Any CPU
		{25B4B260-092A-4FEE-ABF4-A6D27CB4A259}.Release|Any CPU.Build.0 = Release|Any CPU
		{E23D9F8D-8EC8-44D3-A334-29B3677B019E}.Debug|Any CPU.ActiveCfg = Debug|Any CPU
		{E23D9F8D-8EC8-44D3-A334-29B3677B019E}.Debug|Any CPU.Build.0 = Debug|Any CPU
		{E23D9F8D-8EC8-44D3-A334-29B3677B019E}.Package|Any CPU.ActiveCfg = Package|Any CPU
		{E23D9F8D-8EC8-44D3-A334-29B3677B019E}.Package|Any CPU.Build.0 = Package|Any CPU
		{E23D9F8D-8EC8-44D3-A334-29B3677B019E}.Release|Any CPU.ActiveCfg = Release|Any CPU
		{E23D9F8D-8EC8-44D3-A334-29B3677B019E}.Release|Any CPU.Build.0 = Release|Any CPU
		{4CC254D3-4742-45E7-8CF8-5E14DC228771}.Debug|Any CPU.ActiveCfg = Debug|Any CPU
		{4CC254D3-4742-45E7-8CF8-5E14DC228771}.Debug|Any CPU.Build.0 = Debug|Any CPU
		{4CC254D3-4742-45E7-8CF8-5E14DC228771}.Package|Any CPU.ActiveCfg = Package|Any CPU
		{4CC254D3-4742-45E7-8CF8-5E14DC228771}.Package|Any CPU.Build.0 = Package|Any CPU
		{4CC254D3-4742-45E7-8CF8-5E14DC228771}.Release|Any CPU.ActiveCfg = Release|Any CPU
		{4CC254D3-4742-45E7-8CF8-5E14DC228771}.Release|Any CPU.Build.0 = Release|Any CPU
		{E23D9F8D-8EC8-0000-0000-000000000000}.Debug|Any CPU.ActiveCfg = Debug|Any CPU
		{E23D9F8D-8EC8-0000-0000-000000000000}.Debug|Any CPU.Build.0 = Debug|Any CPU
		{E23D9F8D-8EC8-0000-0000-000000000000}.Package|Any CPU.ActiveCfg = Package|Any CPU
		{E23D9F8D-8EC8-0000-0000-000000000000}.Package|Any CPU.Build.0 = Package|Any CPU
		{E23D9F8D-8EC8-0000-0000-000000000000}.Release|Any CPU.ActiveCfg = Release|Any CPU
		{E23D9F8D-8EC8-0000-0000-000000000000}.Release|Any CPU.Build.0 = Release|Any CPU
	EndGlobalSection
	GlobalSection(SolutionProperties) = preSolution
		HideSolutionNode = FALSE
	EndGlobalSection
	GlobalSection(NestedProjects) = preSolution
		{0EEC0553-0B9A-4E51-94BF-694DC7164B92} = {C647E083-E3EF-4ABF-ACF5-FA8E0B83513C}
		{429B185F-3261-45BC-B992-B0D6B8A87E8D} = {C647E083-E3EF-4ABF-ACF5-FA8E0B83513C}
		{AA1AE3D2-77A6-46EA-81CD-00D0603AADE2} = {C26887B5-311F-4271-B5F3-34AB6E3F291C}
		{A84434F9-A885-4EAF-8AF4-4DAB55A5AC57} = {C26887B5-311F-4271-B5F3-34AB6E3F291C}
		{E41FDB70-5193-4C2D-9DDD-B0D243E21E2B} = {A2A2E93C-20F7-4021-AEC2-B00BD22AADDE}
		{E43D9F8D-8EC8-44D3-A334-29B3677B019E} = {C9B497F6-87DA-40EF-933C-A572A7603991}
		{85E741A4-D6F4-44C2-955B-F2FE10C0ECA5} = {C9B497F6-87DA-40EF-933C-A572A7603991}
		{55BBBA7B-B781-4068-B865-EB4CF8DA644A} = {C9B497F6-87DA-40EF-933C-A572A7603991}
		{32B69163-7FAC-423D-8A95-588ABAF27E58} = {C9B497F6-87DA-40EF-933C-A572A7603991}
		{7E90255D-B97F-4560-AC27-CAA9B6AD1E47} = {32B69163-7FAC-423D-8A95-588ABAF27E58}
		{82D69A78-AEE4-4147-BBAE-55B40C39424E} = {C9B497F6-87DA-40EF-933C-A572A7603991}
		{4F29037C-903E-4425-A392-49F4383C6193} = {55BBBA7B-B781-4068-B865-EB4CF8DA644A}
		{3D7D093A-AFE7-438C-B9AA-9C3097E86050} = {55BBBA7B-B781-4068-B865-EB4CF8DA644A}
		{6B0F70DD-A5CD-4EE9-8105-1418E0B29B6A} = {55BBBA7B-B781-4068-B865-EB4CF8DA644A}
		{F3B7652C-622C-434F-A84E-FE4207029475} = {4513B5BF-FDEA-45FB-8C88-E9C9F9FEAC94}
		{4513B5BF-FDEA-45FB-8C88-E9C9F9FEAC94} = {A2A2E93C-20F7-4021-AEC2-B00BD22AADDE}
		{195F95C3-ACCD-474A-8C71-2F6B89DE1B52} = {4513B5BF-FDEA-45FB-8C88-E9C9F9FEAC94}
		{0F80861A-CFDF-4DF0-A0B7-086A1F12448D} = {4513B5BF-FDEA-45FB-8C88-E9C9F9FEAC94}
		{F34F64E7-DC9A-4560-873A-74EB16D0D7F0} = {F3B7652C-622C-434F-A84E-FE4207029475}
		{2AA36C25-CB86-4D10-A2D1-0514715E0CB5} = {F3B7652C-622C-434F-A84E-FE4207029475}
		{25B4B260-092A-4FEE-ABF4-A6D27CB4A159} = {32B69163-7FAC-423D-8A95-588ABAF27E58}
		{25B4B260-092A-4FEE-ABF4-A6D27CB4A259} = {32B69163-7FAC-423D-8A95-588ABAF27E58}
		{C5B9656C-A921-41BC-93BC-B98D45F4A704} = {C9B497F6-87DA-40EF-933C-A572A7603991}
		{E23D9F8D-8EC8-44D3-A334-29B3677B019E} = {C5B9656C-A921-41BC-93BC-B98D45F4A704}
		{4CC254D3-4742-45E7-8CF8-5E14DC228771} = {C5B9656C-A921-41BC-93BC-B98D45F4A704}
		{AD0D4C26-B7CC-4A26-B681-6FA3D95B5FAC} = {C5B9656C-A921-41BC-93BC-B98D45F4A704}
		{E23D9F8D-8EC8-0000-0000-000000000000} = {AD0D4C26-B7CC-4A26-B681-6FA3D95B5FAC}
	EndGlobalSection
EndGlobal
