
Microsoft Visual Studio Solution File, Format Version 12.00
# Visual Studio 15
VisualStudioVersion = 15.0.27130.2010
MinimumVisualStudioVersion = 10.0.40219.1
Project("{2150E333-8FDC-42A3-9474-1A3956D46DE8}") = ".paket", ".paket", "{E98080C8-5319-4686-BB1C-85413DEDB917}"
	ProjectSection(SolutionItems) = preProject
		paket.dependencies = paket.dependencies
	EndProjectSection
EndProject
Project("{2150E333-8FDC-42A3-9474-1A3956D46DE8}") = "TestKit", "TestKit", "{C647E083-E3EF-4ABF-ACF5-FA8E0B83513C}"
EndProject
Project("{2150E333-8FDC-42A3-9474-1A3956D46DE8}") = "Demo", "Demo", "{C26887B5-311F-4271-B5F3-34AB6E3F291C}"
EndProject
Project("{2150E333-8FDC-42A3-9474-1A3956D46DE8}") = "FSharp", "FSharp", "{A2A2E93C-20F7-4021-AEC2-B00BD22AADDE}"
EndProject
Project("{2150E333-8FDC-42A3-9474-1A3956D46DE8}") = "Examples", "Examples", "{C9B497F6-87DA-40EF-933C-A572A7603991}"
EndProject
Project("{2150E333-8FDC-42A3-9474-1A3956D46DE8}") = "DependencyInjection", "DependencyInjection", "{85E741A4-D6F4-44C2-955B-F2FE10C0ECA5}"
EndProject
Project("{2150E333-8FDC-42A3-9474-1A3956D46DE8}") = "Chat", "Chat", "{F3B7652C-622C-434F-A84E-FE4207029475}"
EndProject
Project("{2150E333-8FDC-42A3-9474-1A3956D46DE8}") = "EventSourcing", "EventSourcing", "{C5B9656C-A921-41BC-93BC-B98D45F4A704}"
EndProject
Project("{2150E333-8FDC-42A3-9474-1A3956D46DE8}") = "Persistence", "Persistence", "{AD0D4C26-B7CC-4A26-B681-6FA3D95B5FAC}"
EndProject
Project("{2150E333-8FDC-42A3-9474-1A3956D46DE8}") = "Examples", "Examples", "{CFAFA4BC-6B02-4FFB-BCC4-1965FBBC68E7}"
EndProject
Project("{2150E333-8FDC-42A3-9474-1A3956D46DE8}") = "Streams", "Streams", "{19BDCEE0-4209-481B-A87B-9ECA53910422}"
EndProject
Project("{2150E333-8FDC-42A3-9474-1A3956D46DE8}") = "Demo", "Demo", "{3455803D-2C05-41B2-98D7-9482FB151623}"
EndProject
Project("{2150E333-8FDC-42A3-9474-1A3956D46DE8}") = "Observers", "Observers", "{A0E9475F-5076-4456-AA89-ECCB53BC3D8C}"
EndProject
Project("{9A19103F-16F7-4668-BE54-9A1E7A4F7556}") = "Orleankka", "Source\Orleankka\Orleankka.csproj", "{944568EA-BC0B-49BC-AF0F-B4A4A62858AC}"
EndProject
Project("{9A19103F-16F7-4668-BE54-9A1E7A4F7556}") = "Orleankka.Tests", "Source\Orleankka.Tests\Orleankka.Tests.csproj", "{5BC7C6F2-B8CD-4EE8-B751-533BDC20AF9A}"
EndProject
Project("{FAE04EC0-301F-11D3-BF4B-00C04F79EFBC}") = "Demo.App", "Source\Demo.App\Demo.App.csproj", "{AA1AE3D2-77A6-46EA-81CD-00D0603AADE2}"
EndProject
Project("{FAE04EC0-301F-11D3-BF4B-00C04F79EFBC}") = "Demo.App.Tests", "Source\Demo.App.Tests\Demo.App.Tests.csproj", "{A84434F9-A885-4EAF-8AF4-4DAB55A5AC57}"
EndProject
Project("{FAE04EC0-301F-11D3-BF4B-00C04F79EFBC}") = "Reentrant", "Source\Example.Reentrant\Reentrant.csproj", "{E43D9F8D-8EC8-44D3-A334-29B3677B019E}"
EndProject
Project("{F2A71F9B-5D33-465A-A702-920D77279786}") = "HelloWorld", "Source\FSharp.Demo.HelloWorld\HelloWorld.fsproj", "{195F95C3-ACCD-474A-8C71-2F6B89DE1B52}"
EndProject
Project("{F2A71F9B-5D33-465A-A702-920D77279786}") = "Shop", "Source\FSharp.Demo.Shop\Shop.fsproj", "{0F80861A-CFDF-4DF0-A0B7-086A1F12448D}"
EndProject
Project("{F2A71F9B-5D33-465A-A702-920D77279786}") = "Server", "Source\FSharp.Example.Observers.Chat.Server\Server.fsproj", "{F34F64E7-DC9A-4560-873A-74EB16D0D7F0}"
EndProject
Project("{F2A71F9B-5D33-465A-A702-920D77279786}") = "Client", "Source\FSharp.Example.Observers.Chat.Client\Client.fsproj", "{2AA36C25-CB86-4D10-A2D1-0514715E0CB5}"
EndProject
Project("{FAE04EC0-301F-11D3-BF4B-00C04F79EFBC}") = "Idiomatic", "Source\Example.EventSourcing.Idiomatic\Idiomatic.csproj", "{E23D9F8D-8EC8-44D3-A334-29B3677B019E}"
EndProject
Project("{FAE04EC0-301F-11D3-BF4B-00C04F79EFBC}") = "GES", "Source\Example.EventSourcing.Persistence.GES\GES.csproj", "{E23D9F8D-8EC8-0000-0000-000000000000}"
EndProject
Project("{FAE04EC0-301F-11D3-BF4B-00C04F79EFBC}") = "Autofac", "Source\Example.DependencyInjection.Autofac\Autofac.csproj", "{24A1F10E-D8A4-4241-915F-0D224AEFF022}"
EndProject
Project("{FAE04EC0-301F-11D3-BF4B-00C04F79EFBC}") = "Streamstone", "Source\Example.EventSourcing.Persistence.Streamstone\Streamstone.csproj", "{33BE1D68-F30D-4FA8-AC96-B035B38AE191}"
EndProject
Project("{FAE04EC0-301F-11D3-BF4B-00C04F79EFBC}") = "Chat.Client", "Source\Example.Streams.Chat.Client\Chat.Client.csproj", "{71F8DF3F-5D69-4E23-8AB7-937E2F3A01F1}"
EndProject
Project("{FAE04EC0-301F-11D3-BF4B-00C04F79EFBC}") = "Chat.Server", "Source\Example.Streams.Chat.Server\Chat.Server.csproj", "{355B546C-C246-4CEE-A302-7D453A81D3AC}"
EndProject
Project("{FAE04EC0-301F-11D3-BF4B-00C04F79EFBC}") = "Chat.Server", "Source\Example.Observers.Chat.Server\Chat.Server.csproj", "{355B546C-C246-4CEE-A302-7D453A81D3A2}"
EndProject
Project("{FAE04EC0-301F-11D3-BF4B-00C04F79EFBC}") = "Chat.Client", "Source\Example.Observers.Chat.Client\Chat.Client.csproj", "{71F8DF3F-5D69-4E23-8AB7-937E2F3A01F2}"
EndProject
Project("{F2A71F9B-5D33-465A-A702-920D77279786}") = "Http.Suave", "Source\FSharp.Example.Suave\Http.Suave.fsproj", "{83254524-8297-4C24-9571-8FF9312ECBA3}"
EndProject
Project("{9A19103F-16F7-4668-BE54-9A1E7A4F7556}") = "Orleankka.Meta", "Source\Orleankka.Meta\Orleankka.Meta.csproj", "{1220A904-CAFA-4F1C-BBCB-82B9257C9FC5}"
EndProject
Project("{9A19103F-16F7-4668-BE54-9A1E7A4F7556}") = "Orleans.Internals", "Source\Orleans.Internals\Orleans.Internals.csproj", "{97E4FE27-27FD-499B-8737-0F293807C297}"
EndProject
Project("{F2A71F9B-5D33-465A-A702-920D77279786}") = "Reentrant", "Source\FSharp.Example.Reentrant\Reentrant.fsproj", "{04C62B7B-3202-4577-868F-7553D5ED01E2}"
EndProject
Project("{FAE04EC0-301F-11D3-BF4B-00C04F79EFBC}") = "Chat.Shared", "Source\Example.Observers.Chat.Shared\Chat.Shared.csproj", "{355B546C-C246-5CEE-A302-7D453A81D3A2}"
EndProject
Project("{9A19103F-16F7-4668-BE54-9A1E7A4F7556}") = "Orleankka.TestKit", "Source\Orleankka.TestKit\Orleankka.TestKit.csproj", "{0EEC0553-0B9A-4E51-94BF-694DC7164B92}"
EndProject
Project("{9A19103F-16F7-4668-BE54-9A1E7A4F7556}") = "Orleankka.TestKit.Meta", "Source\Orleankka.TestKit.Meta\Orleankka.TestKit.Meta.csproj", "{4220A904-CAFA-4F1C-BBCB-82B9257C9FC5}"
EndProject
Project("{9A19103F-16F7-4668-BE54-9A1E7A4F7556}") = "Orleankka.TestKit.Tests", "Source\Orleankka.TestKit.Tests\Orleankka.TestKit.Tests.csproj", "{429B185F-3261-45BC-B992-B0D6B8A87E8D}"
EndProject
Project("{2150E333-8FDC-42A3-9474-1A3956D46DE8}") = "Streams", "Streams", "{DB5D36E9-E0BB-427D-9D1E-418DA5E267C9}"
EndProject
Project("{2150E333-8FDC-42A3-9474-1A3956D46DE8}") = "Chat", "Chat", "{6CBF16F9-9FAF-4A18-9781-F080331EC34A}"
EndProject
Project("{F2A71F9B-5D33-465A-A702-920D77279786}") = "Client", "Source\FSharp.Example.Streams.Chat.Client\Client.fsproj", "{52B47013-DCDF-4008-9F87-49A44A022152}"
EndProject
Project("{F2A71F9B-5D33-465A-A702-920D77279786}") = "Server", "Source\FSharp.Example.Streams.Chat.Server\Server.fsproj", "{B2912C76-24A6-4829-AADE-65AA73877B2C}"
EndProject
Project("{FAE04EC0-301F-11D3-BF4B-00C04F79EFBC}") = "Chat.Shared", "Source\Example.Streams.Chat.Shared\Chat.Shared.csproj", "{455B546C-C246-5CEE-A302-7D453A81D3A2}"
EndProject
Project("{9A19103F-16F7-4668-BE54-9A1E7A4F7556}") = "Orleankka.Runtime", "Source\Orleankka.Runtime\Orleankka.Runtime.csproj", "{224568EA-BC0B-49BC-AF0F-B4A4A62858AC}"
EndProject
Project("{F2A71F9B-5D33-465A-A702-920D77279786}") = "Shared", "Source\FSharp.Example.Streams.Chat.Shared\Shared.fsproj", "{326D7FA8-5F82-49C0-9E43-C25CBD35A206}"
EndProject
Project("{F2A71F9B-5D33-465A-A702-920D77279786}") = "Shared", "Source\FSharp.Example.Observers.Chat.Shared\Shared.fsproj", "{134F64E7-DC9A-4560-873A-74EB16D0D7F0}"
EndProject
Project("{6EC3EE1D-3C4E-46DD-8F32-0CC8E7565705}") = "Orleankka.FSharp", "Source\Orleankka.FSharp\Orleankka.FSharp.fsproj", "{E41FDB70-5193-4C2D-9DDD-B0D243E21E2B}"
EndProject
Project("{6EC3EE1D-3C4E-46DD-8F32-0CC8E7565705}") = "Orleankka.FSharp.Runtime", "Source\Orleankka.FSharp.Runtime\Orleankka.FSharp.Runtime.fsproj", "{AB4305C5-3139-4E62-95C1-E367CFEA8A6C}"
EndProject
Project("{6EC3EE1D-3C4E-46DD-8F32-0CC8E7565705}") = "Orleankka.FSharp.Tests", "Source\Orleankka.FSharp.Tests\Orleankka.FSharp.Tests.fsproj", "{ADD939F9-5362-4CF8-9A8C-AF7C3AACAC8B}"
EndProject
Project("{FAE04EC0-301F-11D3-BF4B-00C04F79EFBC}") = "FSM", "Source\Example.EventSourcing.FSM\FSM.csproj", "{D4EA085E-732B-475B-A5DA-766D4EF8692E}"
EndProject
Project("{2150E333-8FDC-42A3-9474-1A3956D46DE8}") = "Serialization", "Serialization", "{2A3C4C8F-9836-4CE6-8089-08080463BAD1}"
EndProject
Project("{FAE04EC0-301F-11D3-BF4B-00C04F79EFBC}") = "ProtoBuf", "Source\Example.Serialization.ProtoBuf\ProtoBuf.csproj", "{E43D9F8D-8EC8-44D3-A334-29B3677B022E}"
EndProject
Project("{FAE04EC0-301F-11D3-BF4B-00C04F79EFBC}") = "Hyperion", "Source\Example.Serialization.Hyperion\Hyperion.csproj", "{E43D9F8D-8EC8-44D3-A334-29B3655B022E}"
EndProject
Project("{FAE04EC0-301F-11D3-BF4B-00C04F79EFBC}") = "Native", "Source\Example.DependencyInjection.Native\Native.csproj", "{6B9C3DE4-2F1E-4ABB-AE36-16D4811B172D}"
EndProject
Global
	GlobalSection(SolutionConfigurationPlatforms) = preSolution
		Debug|Any CPU = Debug|Any CPU
		Package|Any CPU = Package|Any CPU
		Release|Any CPU = Release|Any CPU
	EndGlobalSection
	GlobalSection(ProjectConfigurationPlatforms) = postSolution
		{944568EA-BC0B-49BC-AF0F-B4A4A62858AC}.Debug|Any CPU.ActiveCfg = Debug|Any CPU
		{944568EA-BC0B-49BC-AF0F-B4A4A62858AC}.Debug|Any CPU.Build.0 = Debug|Any CPU
		{944568EA-BC0B-49BC-AF0F-B4A4A62858AC}.Package|Any CPU.ActiveCfg = Release|Any CPU
		{944568EA-BC0B-49BC-AF0F-B4A4A62858AC}.Package|Any CPU.Build.0 = Release|Any CPU
		{944568EA-BC0B-49BC-AF0F-B4A4A62858AC}.Release|Any CPU.ActiveCfg = Release|Any CPU
		{944568EA-BC0B-49BC-AF0F-B4A4A62858AC}.Release|Any CPU.Build.0 = Release|Any CPU
		{5BC7C6F2-B8CD-4EE8-B751-533BDC20AF9A}.Debug|Any CPU.ActiveCfg = Debug|Any CPU
		{5BC7C6F2-B8CD-4EE8-B751-533BDC20AF9A}.Debug|Any CPU.Build.0 = Debug|Any CPU
		{5BC7C6F2-B8CD-4EE8-B751-533BDC20AF9A}.Package|Any CPU.ActiveCfg = Release|Any CPU
		{5BC7C6F2-B8CD-4EE8-B751-533BDC20AF9A}.Package|Any CPU.Build.0 = Release|Any CPU
		{5BC7C6F2-B8CD-4EE8-B751-533BDC20AF9A}.Release|Any CPU.ActiveCfg = Release|Any CPU
		{5BC7C6F2-B8CD-4EE8-B751-533BDC20AF9A}.Release|Any CPU.Build.0 = Release|Any CPU
		{AA1AE3D2-77A6-46EA-81CD-00D0603AADE2}.Debug|Any CPU.ActiveCfg = Debug|Any CPU
		{AA1AE3D2-77A6-46EA-81CD-00D0603AADE2}.Debug|Any CPU.Build.0 = Debug|Any CPU
		{AA1AE3D2-77A6-46EA-81CD-00D0603AADE2}.Package|Any CPU.ActiveCfg = Package|Any CPU
		{AA1AE3D2-77A6-46EA-81CD-00D0603AADE2}.Package|Any CPU.Build.0 = Package|Any CPU
		{AA1AE3D2-77A6-46EA-81CD-00D0603AADE2}.Release|Any CPU.ActiveCfg = Release|Any CPU
		{AA1AE3D2-77A6-46EA-81CD-00D0603AADE2}.Release|Any CPU.Build.0 = Release|Any CPU
		{A84434F9-A885-4EAF-8AF4-4DAB55A5AC57}.Debug|Any CPU.ActiveCfg = Debug|Any CPU
		{A84434F9-A885-4EAF-8AF4-4DAB55A5AC57}.Debug|Any CPU.Build.0 = Debug|Any CPU
		{A84434F9-A885-4EAF-8AF4-4DAB55A5AC57}.Package|Any CPU.ActiveCfg = Package|Any CPU
		{A84434F9-A885-4EAF-8AF4-4DAB55A5AC57}.Package|Any CPU.Build.0 = Package|Any CPU
		{A84434F9-A885-4EAF-8AF4-4DAB55A5AC57}.Release|Any CPU.ActiveCfg = Release|Any CPU
		{A84434F9-A885-4EAF-8AF4-4DAB55A5AC57}.Release|Any CPU.Build.0 = Release|Any CPU
		{E43D9F8D-8EC8-44D3-A334-29B3677B019E}.Debug|Any CPU.ActiveCfg = Debug|Any CPU
		{E43D9F8D-8EC8-44D3-A334-29B3677B019E}.Debug|Any CPU.Build.0 = Debug|Any CPU
		{E43D9F8D-8EC8-44D3-A334-29B3677B019E}.Package|Any CPU.ActiveCfg = Package|Any CPU
		{E43D9F8D-8EC8-44D3-A334-29B3677B019E}.Package|Any CPU.Build.0 = Package|Any CPU
		{E43D9F8D-8EC8-44D3-A334-29B3677B019E}.Release|Any CPU.ActiveCfg = Release|Any CPU
		{E43D9F8D-8EC8-44D3-A334-29B3677B019E}.Release|Any CPU.Build.0 = Release|Any CPU
		{195F95C3-ACCD-474A-8C71-2F6B89DE1B52}.Debug|Any CPU.ActiveCfg = Debug|Any CPU
		{195F95C3-ACCD-474A-8C71-2F6B89DE1B52}.Debug|Any CPU.Build.0 = Debug|Any CPU
		{195F95C3-ACCD-474A-8C71-2F6B89DE1B52}.Package|Any CPU.ActiveCfg = Package|Any CPU
		{195F95C3-ACCD-474A-8C71-2F6B89DE1B52}.Package|Any CPU.Build.0 = Package|Any CPU
		{195F95C3-ACCD-474A-8C71-2F6B89DE1B52}.Release|Any CPU.ActiveCfg = Release|Any CPU
		{195F95C3-ACCD-474A-8C71-2F6B89DE1B52}.Release|Any CPU.Build.0 = Release|Any CPU
		{0F80861A-CFDF-4DF0-A0B7-086A1F12448D}.Debug|Any CPU.ActiveCfg = Debug|Any CPU
		{0F80861A-CFDF-4DF0-A0B7-086A1F12448D}.Debug|Any CPU.Build.0 = Debug|Any CPU
		{0F80861A-CFDF-4DF0-A0B7-086A1F12448D}.Package|Any CPU.ActiveCfg = Package|Any CPU
		{0F80861A-CFDF-4DF0-A0B7-086A1F12448D}.Package|Any CPU.Build.0 = Package|Any CPU
		{0F80861A-CFDF-4DF0-A0B7-086A1F12448D}.Release|Any CPU.ActiveCfg = Release|Any CPU
		{0F80861A-CFDF-4DF0-A0B7-086A1F12448D}.Release|Any CPU.Build.0 = Release|Any CPU
		{F34F64E7-DC9A-4560-873A-74EB16D0D7F0}.Debug|Any CPU.ActiveCfg = Debug|Any CPU
		{F34F64E7-DC9A-4560-873A-74EB16D0D7F0}.Debug|Any CPU.Build.0 = Debug|Any CPU
		{F34F64E7-DC9A-4560-873A-74EB16D0D7F0}.Package|Any CPU.ActiveCfg = Release|Any CPU
		{F34F64E7-DC9A-4560-873A-74EB16D0D7F0}.Package|Any CPU.Build.0 = Release|Any CPU
		{F34F64E7-DC9A-4560-873A-74EB16D0D7F0}.Release|Any CPU.ActiveCfg = Release|Any CPU
		{F34F64E7-DC9A-4560-873A-74EB16D0D7F0}.Release|Any CPU.Build.0 = Release|Any CPU
		{2AA36C25-CB86-4D10-A2D1-0514715E0CB5}.Debug|Any CPU.ActiveCfg = Debug|Any CPU
		{2AA36C25-CB86-4D10-A2D1-0514715E0CB5}.Debug|Any CPU.Build.0 = Debug|Any CPU
		{2AA36C25-CB86-4D10-A2D1-0514715E0CB5}.Package|Any CPU.ActiveCfg = Release|Any CPU
		{2AA36C25-CB86-4D10-A2D1-0514715E0CB5}.Package|Any CPU.Build.0 = Release|Any CPU
		{2AA36C25-CB86-4D10-A2D1-0514715E0CB5}.Release|Any CPU.ActiveCfg = Release|Any CPU
		{2AA36C25-CB86-4D10-A2D1-0514715E0CB5}.Release|Any CPU.Build.0 = Release|Any CPU
		{E23D9F8D-8EC8-44D3-A334-29B3677B019E}.Debug|Any CPU.ActiveCfg = Debug|Any CPU
		{E23D9F8D-8EC8-44D3-A334-29B3677B019E}.Debug|Any CPU.Build.0 = Debug|Any CPU
		{E23D9F8D-8EC8-44D3-A334-29B3677B019E}.Package|Any CPU.ActiveCfg = Package|Any CPU
		{E23D9F8D-8EC8-44D3-A334-29B3677B019E}.Package|Any CPU.Build.0 = Package|Any CPU
		{E23D9F8D-8EC8-44D3-A334-29B3677B019E}.Release|Any CPU.ActiveCfg = Release|Any CPU
		{E23D9F8D-8EC8-44D3-A334-29B3677B019E}.Release|Any CPU.Build.0 = Release|Any CPU
		{E23D9F8D-8EC8-0000-0000-000000000000}.Debug|Any CPU.ActiveCfg = Debug|Any CPU
		{E23D9F8D-8EC8-0000-0000-000000000000}.Debug|Any CPU.Build.0 = Debug|Any CPU
		{E23D9F8D-8EC8-0000-0000-000000000000}.Package|Any CPU.ActiveCfg = Package|Any CPU
		{E23D9F8D-8EC8-0000-0000-000000000000}.Package|Any CPU.Build.0 = Package|Any CPU
		{E23D9F8D-8EC8-0000-0000-000000000000}.Release|Any CPU.ActiveCfg = Release|Any CPU
		{E23D9F8D-8EC8-0000-0000-000000000000}.Release|Any CPU.Build.0 = Release|Any CPU
		{24A1F10E-D8A4-4241-915F-0D224AEFF022}.Debug|Any CPU.ActiveCfg = Debug|Any CPU
		{24A1F10E-D8A4-4241-915F-0D224AEFF022}.Debug|Any CPU.Build.0 = Debug|Any CPU
		{24A1F10E-D8A4-4241-915F-0D224AEFF022}.Package|Any CPU.ActiveCfg = Release|Any CPU
		{24A1F10E-D8A4-4241-915F-0D224AEFF022}.Package|Any CPU.Build.0 = Release|Any CPU
		{24A1F10E-D8A4-4241-915F-0D224AEFF022}.Release|Any CPU.ActiveCfg = Release|Any CPU
		{24A1F10E-D8A4-4241-915F-0D224AEFF022}.Release|Any CPU.Build.0 = Release|Any CPU
		{33BE1D68-F30D-4FA8-AC96-B035B38AE191}.Debug|Any CPU.ActiveCfg = Debug|Any CPU
		{33BE1D68-F30D-4FA8-AC96-B035B38AE191}.Debug|Any CPU.Build.0 = Debug|Any CPU
		{33BE1D68-F30D-4FA8-AC96-B035B38AE191}.Package|Any CPU.ActiveCfg = Release|Any CPU
		{33BE1D68-F30D-4FA8-AC96-B035B38AE191}.Package|Any CPU.Build.0 = Release|Any CPU
		{33BE1D68-F30D-4FA8-AC96-B035B38AE191}.Release|Any CPU.ActiveCfg = Release|Any CPU
		{33BE1D68-F30D-4FA8-AC96-B035B38AE191}.Release|Any CPU.Build.0 = Release|Any CPU
		{71F8DF3F-5D69-4E23-8AB7-937E2F3A01F1}.Debug|Any CPU.ActiveCfg = Debug|Any CPU
		{71F8DF3F-5D69-4E23-8AB7-937E2F3A01F1}.Debug|Any CPU.Build.0 = Debug|Any CPU
		{71F8DF3F-5D69-4E23-8AB7-937E2F3A01F1}.Package|Any CPU.ActiveCfg = Release|Any CPU
		{71F8DF3F-5D69-4E23-8AB7-937E2F3A01F1}.Package|Any CPU.Build.0 = Release|Any CPU
		{71F8DF3F-5D69-4E23-8AB7-937E2F3A01F1}.Release|Any CPU.ActiveCfg = Release|Any CPU
		{71F8DF3F-5D69-4E23-8AB7-937E2F3A01F1}.Release|Any CPU.Build.0 = Release|Any CPU
		{355B546C-C246-4CEE-A302-7D453A81D3AC}.Debug|Any CPU.ActiveCfg = Debug|Any CPU
		{355B546C-C246-4CEE-A302-7D453A81D3AC}.Debug|Any CPU.Build.0 = Debug|Any CPU
		{355B546C-C246-4CEE-A302-7D453A81D3AC}.Package|Any CPU.ActiveCfg = Release|Any CPU
		{355B546C-C246-4CEE-A302-7D453A81D3AC}.Package|Any CPU.Build.0 = Release|Any CPU
		{355B546C-C246-4CEE-A302-7D453A81D3AC}.Release|Any CPU.ActiveCfg = Release|Any CPU
		{355B546C-C246-4CEE-A302-7D453A81D3AC}.Release|Any CPU.Build.0 = Release|Any CPU
		{355B546C-C246-4CEE-A302-7D453A81D3A2}.Debug|Any CPU.ActiveCfg = Debug|Any CPU
		{355B546C-C246-4CEE-A302-7D453A81D3A2}.Debug|Any CPU.Build.0 = Debug|Any CPU
		{355B546C-C246-4CEE-A302-7D453A81D3A2}.Package|Any CPU.ActiveCfg = Release|Any CPU
		{355B546C-C246-4CEE-A302-7D453A81D3A2}.Package|Any CPU.Build.0 = Release|Any CPU
		{355B546C-C246-4CEE-A302-7D453A81D3A2}.Release|Any CPU.ActiveCfg = Release|Any CPU
		{355B546C-C246-4CEE-A302-7D453A81D3A2}.Release|Any CPU.Build.0 = Release|Any CPU
		{71F8DF3F-5D69-4E23-8AB7-937E2F3A01F2}.Debug|Any CPU.ActiveCfg = Debug|Any CPU
		{71F8DF3F-5D69-4E23-8AB7-937E2F3A01F2}.Debug|Any CPU.Build.0 = Debug|Any CPU
		{71F8DF3F-5D69-4E23-8AB7-937E2F3A01F2}.Package|Any CPU.ActiveCfg = Release|Any CPU
		{71F8DF3F-5D69-4E23-8AB7-937E2F3A01F2}.Package|Any CPU.Build.0 = Release|Any CPU
		{71F8DF3F-5D69-4E23-8AB7-937E2F3A01F2}.Release|Any CPU.ActiveCfg = Release|Any CPU
		{71F8DF3F-5D69-4E23-8AB7-937E2F3A01F2}.Release|Any CPU.Build.0 = Release|Any CPU
		{83254524-8297-4C24-9571-8FF9312ECBA3}.Debug|Any CPU.ActiveCfg = Debug|Any CPU
		{83254524-8297-4C24-9571-8FF9312ECBA3}.Debug|Any CPU.Build.0 = Debug|Any CPU
		{83254524-8297-4C24-9571-8FF9312ECBA3}.Package|Any CPU.ActiveCfg = Release|Any CPU
		{83254524-8297-4C24-9571-8FF9312ECBA3}.Package|Any CPU.Build.0 = Release|Any CPU
		{83254524-8297-4C24-9571-8FF9312ECBA3}.Release|Any CPU.ActiveCfg = Release|Any CPU
		{83254524-8297-4C24-9571-8FF9312ECBA3}.Release|Any CPU.Build.0 = Release|Any CPU
		{1220A904-CAFA-4F1C-BBCB-82B9257C9FC5}.Debug|Any CPU.ActiveCfg = Debug|Any CPU
		{1220A904-CAFA-4F1C-BBCB-82B9257C9FC5}.Debug|Any CPU.Build.0 = Debug|Any CPU
		{1220A904-CAFA-4F1C-BBCB-82B9257C9FC5}.Package|Any CPU.ActiveCfg = Release|Any CPU
		{1220A904-CAFA-4F1C-BBCB-82B9257C9FC5}.Package|Any CPU.Build.0 = Release|Any CPU
		{1220A904-CAFA-4F1C-BBCB-82B9257C9FC5}.Release|Any CPU.ActiveCfg = Release|Any CPU
		{1220A904-CAFA-4F1C-BBCB-82B9257C9FC5}.Release|Any CPU.Build.0 = Release|Any CPU
		{97E4FE27-27FD-499B-8737-0F293807C297}.Debug|Any CPU.ActiveCfg = Debug|Any CPU
		{97E4FE27-27FD-499B-8737-0F293807C297}.Debug|Any CPU.Build.0 = Debug|Any CPU
		{97E4FE27-27FD-499B-8737-0F293807C297}.Package|Any CPU.ActiveCfg = Release|Any CPU
		{97E4FE27-27FD-499B-8737-0F293807C297}.Package|Any CPU.Build.0 = Release|Any CPU
		{97E4FE27-27FD-499B-8737-0F293807C297}.Release|Any CPU.ActiveCfg = Release|Any CPU
		{97E4FE27-27FD-499B-8737-0F293807C297}.Release|Any CPU.Build.0 = Release|Any CPU
		{04C62B7B-3202-4577-868F-7553D5ED01E2}.Debug|Any CPU.ActiveCfg = Debug|Any CPU
		{04C62B7B-3202-4577-868F-7553D5ED01E2}.Debug|Any CPU.Build.0 = Debug|Any CPU
		{04C62B7B-3202-4577-868F-7553D5ED01E2}.Package|Any CPU.ActiveCfg = Release|Any CPU
		{04C62B7B-3202-4577-868F-7553D5ED01E2}.Package|Any CPU.Build.0 = Release|Any CPU
		{04C62B7B-3202-4577-868F-7553D5ED01E2}.Release|Any CPU.ActiveCfg = Release|Any CPU
		{04C62B7B-3202-4577-868F-7553D5ED01E2}.Release|Any CPU.Build.0 = Release|Any CPU
		{355B546C-C246-5CEE-A302-7D453A81D3A2}.Debug|Any CPU.ActiveCfg = Debug|Any CPU
		{355B546C-C246-5CEE-A302-7D453A81D3A2}.Debug|Any CPU.Build.0 = Debug|Any CPU
		{355B546C-C246-5CEE-A302-7D453A81D3A2}.Package|Any CPU.ActiveCfg = Release|Any CPU
		{355B546C-C246-5CEE-A302-7D453A81D3A2}.Package|Any CPU.Build.0 = Release|Any CPU
		{355B546C-C246-5CEE-A302-7D453A81D3A2}.Release|Any CPU.ActiveCfg = Release|Any CPU
		{355B546C-C246-5CEE-A302-7D453A81D3A2}.Release|Any CPU.Build.0 = Release|Any CPU
		{0EEC0553-0B9A-4E51-94BF-694DC7164B92}.Debug|Any CPU.ActiveCfg = Debug|Any CPU
		{0EEC0553-0B9A-4E51-94BF-694DC7164B92}.Debug|Any CPU.Build.0 = Debug|Any CPU
		{0EEC0553-0B9A-4E51-94BF-694DC7164B92}.Package|Any CPU.ActiveCfg = Release|Any CPU
		{0EEC0553-0B9A-4E51-94BF-694DC7164B92}.Package|Any CPU.Build.0 = Release|Any CPU
		{0EEC0553-0B9A-4E51-94BF-694DC7164B92}.Release|Any CPU.ActiveCfg = Release|Any CPU
		{0EEC0553-0B9A-4E51-94BF-694DC7164B92}.Release|Any CPU.Build.0 = Release|Any CPU
		{4220A904-CAFA-4F1C-BBCB-82B9257C9FC5}.Debug|Any CPU.ActiveCfg = Debug|Any CPU
		{4220A904-CAFA-4F1C-BBCB-82B9257C9FC5}.Debug|Any CPU.Build.0 = Debug|Any CPU
		{4220A904-CAFA-4F1C-BBCB-82B9257C9FC5}.Package|Any CPU.ActiveCfg = Release|Any CPU
		{4220A904-CAFA-4F1C-BBCB-82B9257C9FC5}.Package|Any CPU.Build.0 = Release|Any CPU
		{4220A904-CAFA-4F1C-BBCB-82B9257C9FC5}.Release|Any CPU.ActiveCfg = Release|Any CPU
		{4220A904-CAFA-4F1C-BBCB-82B9257C9FC5}.Release|Any CPU.Build.0 = Release|Any CPU
		{429B185F-3261-45BC-B992-B0D6B8A87E8D}.Debug|Any CPU.ActiveCfg = Debug|Any CPU
		{429B185F-3261-45BC-B992-B0D6B8A87E8D}.Debug|Any CPU.Build.0 = Debug|Any CPU
		{429B185F-3261-45BC-B992-B0D6B8A87E8D}.Package|Any CPU.ActiveCfg = Release|Any CPU
		{429B185F-3261-45BC-B992-B0D6B8A87E8D}.Package|Any CPU.Build.0 = Release|Any CPU
		{429B185F-3261-45BC-B992-B0D6B8A87E8D}.Release|Any CPU.ActiveCfg = Release|Any CPU
		{429B185F-3261-45BC-B992-B0D6B8A87E8D}.Release|Any CPU.Build.0 = Release|Any CPU
		{52B47013-DCDF-4008-9F87-49A44A022152}.Debug|Any CPU.ActiveCfg = Debug|Any CPU
		{52B47013-DCDF-4008-9F87-49A44A022152}.Debug|Any CPU.Build.0 = Debug|Any CPU
		{52B47013-DCDF-4008-9F87-49A44A022152}.Package|Any CPU.ActiveCfg = Release|Any CPU
		{52B47013-DCDF-4008-9F87-49A44A022152}.Package|Any CPU.Build.0 = Release|Any CPU
		{52B47013-DCDF-4008-9F87-49A44A022152}.Release|Any CPU.ActiveCfg = Release|Any CPU
		{52B47013-DCDF-4008-9F87-49A44A022152}.Release|Any CPU.Build.0 = Release|Any CPU
		{B2912C76-24A6-4829-AADE-65AA73877B2C}.Debug|Any CPU.ActiveCfg = Debug|Any CPU
		{B2912C76-24A6-4829-AADE-65AA73877B2C}.Debug|Any CPU.Build.0 = Debug|Any CPU
		{B2912C76-24A6-4829-AADE-65AA73877B2C}.Package|Any CPU.ActiveCfg = Release|Any CPU
		{B2912C76-24A6-4829-AADE-65AA73877B2C}.Package|Any CPU.Build.0 = Release|Any CPU
		{B2912C76-24A6-4829-AADE-65AA73877B2C}.Release|Any CPU.ActiveCfg = Release|Any CPU
		{B2912C76-24A6-4829-AADE-65AA73877B2C}.Release|Any CPU.Build.0 = Release|Any CPU
		{455B546C-C246-5CEE-A302-7D453A81D3A2}.Debug|Any CPU.ActiveCfg = Debug|Any CPU
		{455B546C-C246-5CEE-A302-7D453A81D3A2}.Debug|Any CPU.Build.0 = Debug|Any CPU
		{455B546C-C246-5CEE-A302-7D453A81D3A2}.Package|Any CPU.ActiveCfg = Release|Any CPU
		{455B546C-C246-5CEE-A302-7D453A81D3A2}.Package|Any CPU.Build.0 = Release|Any CPU
		{455B546C-C246-5CEE-A302-7D453A81D3A2}.Release|Any CPU.ActiveCfg = Release|Any CPU
		{455B546C-C246-5CEE-A302-7D453A81D3A2}.Release|Any CPU.Build.0 = Release|Any CPU
		{224568EA-BC0B-49BC-AF0F-B4A4A62858AC}.Debug|Any CPU.ActiveCfg = Debug|Any CPU
		{224568EA-BC0B-49BC-AF0F-B4A4A62858AC}.Debug|Any CPU.Build.0 = Debug|Any CPU
		{224568EA-BC0B-49BC-AF0F-B4A4A62858AC}.Package|Any CPU.ActiveCfg = Release|Any CPU
		{224568EA-BC0B-49BC-AF0F-B4A4A62858AC}.Package|Any CPU.Build.0 = Release|Any CPU
		{224568EA-BC0B-49BC-AF0F-B4A4A62858AC}.Release|Any CPU.ActiveCfg = Release|Any CPU
		{224568EA-BC0B-49BC-AF0F-B4A4A62858AC}.Release|Any CPU.Build.0 = Release|Any CPU
		{326D7FA8-5F82-49C0-9E43-C25CBD35A206}.Debug|Any CPU.ActiveCfg = Debug|Any CPU
		{326D7FA8-5F82-49C0-9E43-C25CBD35A206}.Debug|Any CPU.Build.0 = Debug|Any CPU
		{326D7FA8-5F82-49C0-9E43-C25CBD35A206}.Package|Any CPU.ActiveCfg = Release|Any CPU
		{326D7FA8-5F82-49C0-9E43-C25CBD35A206}.Package|Any CPU.Build.0 = Release|Any CPU
		{326D7FA8-5F82-49C0-9E43-C25CBD35A206}.Release|Any CPU.ActiveCfg = Release|Any CPU
		{326D7FA8-5F82-49C0-9E43-C25CBD35A206}.Release|Any CPU.Build.0 = Release|Any CPU
		{134F64E7-DC9A-4560-873A-74EB16D0D7F0}.Debug|Any CPU.ActiveCfg = Debug|Any CPU
		{134F64E7-DC9A-4560-873A-74EB16D0D7F0}.Debug|Any CPU.Build.0 = Debug|Any CPU
		{134F64E7-DC9A-4560-873A-74EB16D0D7F0}.Package|Any CPU.ActiveCfg = Release|Any CPU
		{134F64E7-DC9A-4560-873A-74EB16D0D7F0}.Package|Any CPU.Build.0 = Release|Any CPU
		{134F64E7-DC9A-4560-873A-74EB16D0D7F0}.Release|Any CPU.ActiveCfg = Release|Any CPU
		{134F64E7-DC9A-4560-873A-74EB16D0D7F0}.Release|Any CPU.Build.0 = Release|Any CPU
		{E41FDB70-5193-4C2D-9DDD-B0D243E21E2B}.Debug|Any CPU.ActiveCfg = Debug|Any CPU
		{E41FDB70-5193-4C2D-9DDD-B0D243E21E2B}.Debug|Any CPU.Build.0 = Debug|Any CPU
		{E41FDB70-5193-4C2D-9DDD-B0D243E21E2B}.Package|Any CPU.ActiveCfg = Release|Any CPU
		{E41FDB70-5193-4C2D-9DDD-B0D243E21E2B}.Package|Any CPU.Build.0 = Release|Any CPU
		{E41FDB70-5193-4C2D-9DDD-B0D243E21E2B}.Release|Any CPU.ActiveCfg = Release|Any CPU
		{E41FDB70-5193-4C2D-9DDD-B0D243E21E2B}.Release|Any CPU.Build.0 = Release|Any CPU
		{AB4305C5-3139-4E62-95C1-E367CFEA8A6C}.Debug|Any CPU.ActiveCfg = Debug|Any CPU
		{AB4305C5-3139-4E62-95C1-E367CFEA8A6C}.Debug|Any CPU.Build.0 = Debug|Any CPU
		{AB4305C5-3139-4E62-95C1-E367CFEA8A6C}.Package|Any CPU.ActiveCfg = Release|Any CPU
		{AB4305C5-3139-4E62-95C1-E367CFEA8A6C}.Package|Any CPU.Build.0 = Release|Any CPU
		{AB4305C5-3139-4E62-95C1-E367CFEA8A6C}.Release|Any CPU.ActiveCfg = Release|Any CPU
		{AB4305C5-3139-4E62-95C1-E367CFEA8A6C}.Release|Any CPU.Build.0 = Release|Any CPU
		{ADD939F9-5362-4CF8-9A8C-AF7C3AACAC8B}.Debug|Any CPU.ActiveCfg = Debug|Any CPU
		{ADD939F9-5362-4CF8-9A8C-AF7C3AACAC8B}.Debug|Any CPU.Build.0 = Debug|Any CPU
		{ADD939F9-5362-4CF8-9A8C-AF7C3AACAC8B}.Package|Any CPU.ActiveCfg = Release|Any CPU
		{ADD939F9-5362-4CF8-9A8C-AF7C3AACAC8B}.Package|Any CPU.Build.0 = Release|Any CPU
		{ADD939F9-5362-4CF8-9A8C-AF7C3AACAC8B}.Release|Any CPU.ActiveCfg = Release|Any CPU
		{ADD939F9-5362-4CF8-9A8C-AF7C3AACAC8B}.Release|Any CPU.Build.0 = Release|Any CPU
		{D4EA085E-732B-475B-A5DA-766D4EF8692E}.Debug|Any CPU.ActiveCfg = Debug|Any CPU
		{D4EA085E-732B-475B-A5DA-766D4EF8692E}.Debug|Any CPU.Build.0 = Debug|Any CPU
		{D4EA085E-732B-475B-A5DA-766D4EF8692E}.Package|Any CPU.ActiveCfg = Release|Any CPU
		{D4EA085E-732B-475B-A5DA-766D4EF8692E}.Package|Any CPU.Build.0 = Release|Any CPU
		{D4EA085E-732B-475B-A5DA-766D4EF8692E}.Release|Any CPU.ActiveCfg = Release|Any CPU
		{D4EA085E-732B-475B-A5DA-766D4EF8692E}.Release|Any CPU.Build.0 = Release|Any CPU
		{E43D9F8D-8EC8-44D3-A334-29B3677B022E}.Debug|Any CPU.ActiveCfg = Debug|Any CPU
		{E43D9F8D-8EC8-44D3-A334-29B3677B022E}.Debug|Any CPU.Build.0 = Debug|Any CPU
		{E43D9F8D-8EC8-44D3-A334-29B3677B022E}.Package|Any CPU.ActiveCfg = Package|Any CPU
		{E43D9F8D-8EC8-44D3-A334-29B3677B022E}.Package|Any CPU.Build.0 = Package|Any CPU
		{E43D9F8D-8EC8-44D3-A334-29B3677B022E}.Release|Any CPU.ActiveCfg = Release|Any CPU
		{E43D9F8D-8EC8-44D3-A334-29B3677B022E}.Release|Any CPU.Build.0 = Release|Any CPU
		{E43D9F8D-8EC8-44D3-A334-29B3655B022E}.Debug|Any CPU.ActiveCfg = Debug|Any CPU
		{E43D9F8D-8EC8-44D3-A334-29B3655B022E}.Debug|Any CPU.Build.0 = Debug|Any CPU
		{E43D9F8D-8EC8-44D3-A334-29B3655B022E}.Package|Any CPU.ActiveCfg = Package|Any CPU
		{E43D9F8D-8EC8-44D3-A334-29B3655B022E}.Package|Any CPU.Build.0 = Package|Any CPU
		{E43D9F8D-8EC8-44D3-A334-29B3655B022E}.Release|Any CPU.ActiveCfg = Release|Any CPU
		{E43D9F8D-8EC8-44D3-A334-29B3655B022E}.Release|Any CPU.Build.0 = Release|Any CPU
		{6B9C3DE4-2F1E-4ABB-AE36-16D4811B172D}.Debug|Any CPU.ActiveCfg = Debug|Any CPU
		{6B9C3DE4-2F1E-4ABB-AE36-16D4811B172D}.Debug|Any CPU.Build.0 = Debug|Any CPU
		{6B9C3DE4-2F1E-4ABB-AE36-16D4811B172D}.Package|Any CPU.ActiveCfg = Release|Any CPU
		{6B9C3DE4-2F1E-4ABB-AE36-16D4811B172D}.Package|Any CPU.Build.0 = Release|Any CPU
		{6B9C3DE4-2F1E-4ABB-AE36-16D4811B172D}.Release|Any CPU.ActiveCfg = Release|Any CPU
		{6B9C3DE4-2F1E-4ABB-AE36-16D4811B172D}.Release|Any CPU.Build.0 = Release|Any CPU
	EndGlobalSection
	GlobalSection(SolutionProperties) = preSolution
		HideSolutionNode = FALSE
	EndGlobalSection
	GlobalSection(NestedProjects) = preSolution
		{85E741A4-D6F4-44C2-955B-F2FE10C0ECA5} = {C9B497F6-87DA-40EF-933C-A572A7603991}
		{F3B7652C-622C-434F-A84E-FE4207029475} = {CFAFA4BC-6B02-4FFB-BCC4-1965FBBC68E7}
		{C5B9656C-A921-41BC-93BC-B98D45F4A704} = {C9B497F6-87DA-40EF-933C-A572A7603991}
		{AD0D4C26-B7CC-4A26-B681-6FA3D95B5FAC} = {C5B9656C-A921-41BC-93BC-B98D45F4A704}
		{CFAFA4BC-6B02-4FFB-BCC4-1965FBBC68E7} = {A2A2E93C-20F7-4021-AEC2-B00BD22AADDE}
		{19BDCEE0-4209-481B-A87B-9ECA53910422} = {C9B497F6-87DA-40EF-933C-A572A7603991}
		{3455803D-2C05-41B2-98D7-9482FB151623} = {A2A2E93C-20F7-4021-AEC2-B00BD22AADDE}
		{A0E9475F-5076-4456-AA89-ECCB53BC3D8C} = {C9B497F6-87DA-40EF-933C-A572A7603991}
		{AA1AE3D2-77A6-46EA-81CD-00D0603AADE2} = {C26887B5-311F-4271-B5F3-34AB6E3F291C}
		{A84434F9-A885-4EAF-8AF4-4DAB55A5AC57} = {C26887B5-311F-4271-B5F3-34AB6E3F291C}
		{E43D9F8D-8EC8-44D3-A334-29B3677B019E} = {C9B497F6-87DA-40EF-933C-A572A7603991}
		{195F95C3-ACCD-474A-8C71-2F6B89DE1B52} = {3455803D-2C05-41B2-98D7-9482FB151623}
		{0F80861A-CFDF-4DF0-A0B7-086A1F12448D} = {3455803D-2C05-41B2-98D7-9482FB151623}
		{F34F64E7-DC9A-4560-873A-74EB16D0D7F0} = {F3B7652C-622C-434F-A84E-FE4207029475}
		{2AA36C25-CB86-4D10-A2D1-0514715E0CB5} = {F3B7652C-622C-434F-A84E-FE4207029475}
		{E23D9F8D-8EC8-44D3-A334-29B3677B019E} = {C5B9656C-A921-41BC-93BC-B98D45F4A704}
		{E23D9F8D-8EC8-0000-0000-000000000000} = {AD0D4C26-B7CC-4A26-B681-6FA3D95B5FAC}
		{24A1F10E-D8A4-4241-915F-0D224AEFF022} = {85E741A4-D6F4-44C2-955B-F2FE10C0ECA5}
		{33BE1D68-F30D-4FA8-AC96-B035B38AE191} = {AD0D4C26-B7CC-4A26-B681-6FA3D95B5FAC}
		{71F8DF3F-5D69-4E23-8AB7-937E2F3A01F1} = {19BDCEE0-4209-481B-A87B-9ECA53910422}
		{355B546C-C246-4CEE-A302-7D453A81D3AC} = {19BDCEE0-4209-481B-A87B-9ECA53910422}
		{355B546C-C246-4CEE-A302-7D453A81D3A2} = {A0E9475F-5076-4456-AA89-ECCB53BC3D8C}
		{71F8DF3F-5D69-4E23-8AB7-937E2F3A01F2} = {A0E9475F-5076-4456-AA89-ECCB53BC3D8C}
		{83254524-8297-4C24-9571-8FF9312ECBA3} = {CFAFA4BC-6B02-4FFB-BCC4-1965FBBC68E7}
		{04C62B7B-3202-4577-868F-7553D5ED01E2} = {CFAFA4BC-6B02-4FFB-BCC4-1965FBBC68E7}
		{355B546C-C246-5CEE-A302-7D453A81D3A2} = {A0E9475F-5076-4456-AA89-ECCB53BC3D8C}
		{0EEC0553-0B9A-4E51-94BF-694DC7164B92} = {C647E083-E3EF-4ABF-ACF5-FA8E0B83513C}
		{4220A904-CAFA-4F1C-BBCB-82B9257C9FC5} = {C647E083-E3EF-4ABF-ACF5-FA8E0B83513C}
		{429B185F-3261-45BC-B992-B0D6B8A87E8D} = {C647E083-E3EF-4ABF-ACF5-FA8E0B83513C}
		{DB5D36E9-E0BB-427D-9D1E-418DA5E267C9} = {CFAFA4BC-6B02-4FFB-BCC4-1965FBBC68E7}
		{6CBF16F9-9FAF-4A18-9781-F080331EC34A} = {DB5D36E9-E0BB-427D-9D1E-418DA5E267C9}
		{52B47013-DCDF-4008-9F87-49A44A022152} = {6CBF16F9-9FAF-4A18-9781-F080331EC34A}
		{B2912C76-24A6-4829-AADE-65AA73877B2C} = {6CBF16F9-9FAF-4A18-9781-F080331EC34A}
		{455B546C-C246-5CEE-A302-7D453A81D3A2} = {19BDCEE0-4209-481B-A87B-9ECA53910422}
		{326D7FA8-5F82-49C0-9E43-C25CBD35A206} = {6CBF16F9-9FAF-4A18-9781-F080331EC34A}
		{134F64E7-DC9A-4560-873A-74EB16D0D7F0} = {F3B7652C-622C-434F-A84E-FE4207029475}
		{E41FDB70-5193-4C2D-9DDD-B0D243E21E2B} = {A2A2E93C-20F7-4021-AEC2-B00BD22AADDE}
		{AB4305C5-3139-4E62-95C1-E367CFEA8A6C} = {A2A2E93C-20F7-4021-AEC2-B00BD22AADDE}
		{ADD939F9-5362-4CF8-9A8C-AF7C3AACAC8B} = {A2A2E93C-20F7-4021-AEC2-B00BD22AADDE}
		{D4EA085E-732B-475B-A5DA-766D4EF8692E} = {AD0D4C26-B7CC-4A26-B681-6FA3D95B5FAC}
		{2A3C4C8F-9836-4CE6-8089-08080463BAD1} = {C9B497F6-87DA-40EF-933C-A572A7603991}
		{E43D9F8D-8EC8-44D3-A334-29B3677B022E} = {2A3C4C8F-9836-4CE6-8089-08080463BAD1}
		{E43D9F8D-8EC8-44D3-A334-29B3655B022E} = {2A3C4C8F-9836-4CE6-8089-08080463BAD1}
		{6B9C3DE4-2F1E-4ABB-AE36-16D4811B172D} = {85E741A4-D6F4-44C2-955B-F2FE10C0ECA5}
	EndGlobalSection
	GlobalSection(ExtensibilityGlobals) = postSolution
		SolutionGuid = {3EF14123-7EA4-465F-8AC8-E0B952C1CAE1}
	EndGlobalSection
EndGlobal
